
Microsoft Visual Studio Solution File, Format Version 12.00
# Visual Studio 15
VisualStudioVersion = 15.0.27004.2005
MinimumVisualStudioVersion = 10.0.40219.1
Project("{FAE04EC0-301F-11D3-BF4B-00C04F79EFBC}") = "Atta_2", "Atta_2\Atta_2.csproj", "{4DA04971-9901-47A1-91FE-EF6B97D27090}"
EndProject
Project("{FAE04EC0-301F-11D3-BF4B-00C04F79EFBC}") = "BL", "BL\BL.csproj", "{D78D4B7D-B6B6-4E0D-A5EC-993F44DC56D9}"
EndProject
Project("{FAE04EC0-301F-11D3-BF4B-00C04F79EFBC}") = "SORT", "SORT\SORT.csproj", "{E37A0771-072D-4BCF-96BB-579C615ED326}"
EndProject
Project("{FAE04EC0-301F-11D3-BF4B-00C04F79EFBC}") = "Tree", "Tree\Tree.csproj", "{76F4FCF4-F667-4713-9015-4435A274B08C}"
EndProject
Project("{FAE04EC0-301F-11D3-BF4B-00C04F79EFBC}") = "DrawingTree", "DrawingTree\DrawingTree.csproj", "{C270986B-9359-41C1-B50F-FA3B6ED74C33}"
EndProject
Global
	GlobalSection(SolutionConfigurationPlatforms) = preSolution
		Debug|Any CPU = Debug|Any CPU
		Release|Any CPU = Release|Any CPU
	EndGlobalSection
	GlobalSection(ProjectConfigurationPlatforms) = postSolution
		{4DA04971-9901-47A1-91FE-EF6B97D27090}.Debug|Any CPU.ActiveCfg = Debug|Any CPU
		{4DA04971-9901-47A1-91FE-EF6B97D27090}.Debug|Any CPU.Build.0 = Debug|Any CPU
		{4DA04971-9901-47A1-91FE-EF6B97D27090}.Release|Any CPU.ActiveCfg = Release|Any CPU
		{4DA04971-9901-47A1-91FE-EF6B97D27090}.Release|Any CPU.Build.0 = Release|Any CPU
		{D78D4B7D-B6B6-4E0D-A5EC-993F44DC56D9}.Debug|Any CPU.ActiveCfg = Debug|Any CPU
		{D78D4B7D-B6B6-4E0D-A5EC-993F44DC56D9}.Debug|Any CPU.Build.0 = Debug|Any CPU
		{D78D4B7D-B6B6-4E0D-A5EC-993F44DC56D9}.Release|Any CPU.ActiveCfg = Release|Any CPU
		{D78D4B7D-B6B6-4E0D-A5EC-993F44DC56D9}.Release|Any CPU.Build.0 = Release|Any CPU
		{E37A0771-072D-4BCF-96BB-579C615ED326}.Debug|Any CPU.ActiveCfg = Debug|Any CPU
		{E37A0771-072D-4BCF-96BB-579C615ED326}.Debug|Any CPU.Build.0 = Debug|Any CPU
		{E37A0771-072D-4BCF-96BB-579C615ED326}.Release|Any CPU.ActiveCfg = Release|Any CPU
		{E37A0771-072D-4BCF-96BB-579C615ED326}.Release|Any CPU.Build.0 = Release|Any CPU
		{76F4FCF4-F667-4713-9015-4435A274B08C}.Debug|Any CPU.ActiveCfg = Debug|Any CPU
		{76F4FCF4-F667-4713-9015-4435A274B08C}.Debug|Any CPU.Build.0 = Debug|Any CPU
		{76F4FCF4-F667-4713-9015-4435A274B08C}.Release|Any CPU.ActiveCfg = Release|Any CPU
		{76F4FCF4-F667-4713-9015-4435A274B08C}.Release|Any CPU.Build.0 = Release|Any CPU
		{C270986B-9359-41C1-B50F-FA3B6ED74C33}.Debug|Any CPU.ActiveCfg = Debug|Any CPU
		{C270986B-9359-41C1-B50F-FA3B6ED74C33}.Debug|Any CPU.Build.0 = Debug|Any CPU
		{C270986B-9359-41C1-B50F-FA3B6ED74C33}.Release|Any CPU.ActiveCfg = Release|Any CPU
		{C270986B-9359-41C1-B50F-FA3B6ED74C33}.Release|Any CPU.Build.0 = Release|Any CPU
	EndGlobalSection
	GlobalSection(SolutionProperties) = preSolution
		HideSolutionNode = FALSE
	EndGlobalSection
	GlobalSection(ExtensibilityGlobals) = postSolution
		SolutionGuid = {D559B179-338F-4A40-B0A3-592988005141}
	EndGlobalSection
EndGlobal
